PODS:
  - FBAEMKit (17.1.0):
    - FBSDKCoreKit_Basics (= 17.1.0)
  - FBSDKCoreKit (17.1.0):
    - FBAEMKit (= 17.1.0)
    - FBSDKCoreKit_Basics (= 17.1.0)
  - FBSDKCoreKit_Basics (17.1.0)
  - FBSDKShareKit (17.1.0):
    - FBSDKCoreKit (= 17.1.0)
  - Flutter (1.0.0)
  - social_sharing_plus (0.0.1):
    - FBSDKCoreKit (= 17.1.0)
    - FBSDKShareKit (= 17.1.0)
    - Flutter

DEPENDENCIES:
  - Flutter (from `Flutter`)
  - social_sharing_plus (from `.symlinks/plugins/social_sharing_plus/ios`)

SPEC REPOS:
  trunk:
    - FBAEMKit
    - FBSDKCoreKit
    - FBSDKCoreKit_Basics
    - FBSDKShareKit

EXTERNAL SOURCES:
  Flutter:
    :path: Flutter
  social_sharing_plus:
    :path: ".symlinks/plugins/social_sharing_plus/ios"

SPEC CHECKSUMS:
  FBAEMKit: cb719c53575a3be86ea873279f30d6a2c4e15881
  FBSDKCoreKit: ecdb980a24633ccb012700299ceb16d0235e14d2
  FBSDKCoreKit_Basics: 045101c4a9ef10c845347424d73a29aae02c3e43
  FBSDKShareKit: be9db7d121cbc3d6700c1b712a61183cac407f64
  Flutter: e0871f40cf51350855a761d2e70bf5af5b9b5de7
  social_sharing_plus: b6e45ecae3408be03f543866df247c7a9d79ea28

PODFILE CHECKSUM: c2815800a22576b3d3c1e7218627f82d576b3c1d

COCOAPODS: 1.16.1
